
Microsoft Visual Studio Solution File, Format Version 12.00
# Visual Studio Version 17
VisualStudioVersion = 17.4.33110.190
MinimumVisualStudioVersion = 10.0.40219.1
Project("{FAE04EC0-301F-11D3-BF4B-00C04F79EFBC}") = "NotificationApi", "NotificationApi\NotificationApi.csproj", "{1D02E0E8-AFC7-4D50-AC9C-3A38A86B2304}"
EndProject
Global
	GlobalSection(SolutionConfigurationPlatforms) = preSolution
		Debug|Any CPU = Debug|Any CPU
		Release|Any CPU = Release|Any CPU
	EndGlobalSection
	GlobalSection(ProjectConfigurationPlatforms) = postSolution
		{1D02E0E8-AFC7-4D50-AC9C-3A38A86B2304}.Debug|Any CPU.ActiveCfg = Debug|Any CPU
		{1D02E0E8-AFC7-4D50-AC9C-3A38A86B2304}.Debug|Any CPU.Build.0 = Debug|Any CPU
		{1D02E0E8-AFC7-4D50-AC9C-3A38A86B2304}.Release|Any CPU.ActiveCfg = Release|Any CPU
		{1D02E0E8-AFC7-4D50-AC9C-3A38A86B2304}.Release|Any CPU.Build.0 = Release|Any CPU
	EndGlobalSection
	GlobalSection(SolutionProperties) = preSolution
		HideSolutionNode = FALSE
	EndGlobalSection
	GlobalSection(ExtensibilityGlobals) = postSolution
		SolutionGuid = {40ADD3B4-83BC-4024-A7AD-EB1CC7738FC7}
	EndGlobalSection
EndGlobal
